
Microsoft Visual Studio Solution File, Format Version 12.00
# Visual Studio Version 17
VisualStudioVersion = 17.1.32328.378
MinimumVisualStudioVersion = 10.0.40219.1
Project("{FAE04EC0-301F-11D3-BF4B-00C04F79EFBC}") = "RebuildCubic", "RebuildCubic\RebuildCubic.csproj", "{F1BA0318-44B2-4709-B7CD-0F6D4671CF40}"
EndProject
Global
	GlobalSection(SolutionConfigurationPlatforms) = preSolution
		Debug|Any CPU = Debug|Any CPU
		Release|Any CPU = Release|Any CPU
	EndGlobalSection
	GlobalSection(ProjectConfigurationPlatforms) = postSolution
		{F1BA0318-44B2-4709-B7CD-0F6D4671CF40}.Debug|Any CPU.ActiveCfg = Debug|Any CPU
		{F1BA0318-44B2-4709-B7CD-0F6D4671CF40}.Debug|Any CPU.Build.0 = Debug|Any CPU
		{F1BA0318-44B2-4709-B7CD-0F6D4671CF40}.Release|Any CPU.ActiveCfg = Release|Any CPU
		{F1BA0318-44B2-4709-B7CD-0F6D4671CF40}.Release|Any CPU.Build.0 = Release|Any CPU
	EndGlobalSection
	GlobalSection(SolutionProperties) = preSolution
		HideSolutionNode = FALSE
	EndGlobalSection
	GlobalSection(ExtensibilityGlobals) = postSolution
		SolutionGuid = {39770DD1-E60F-40E5-A1D2-9342A3EF4EA7}
	EndGlobalSection
EndGlobal
